{
  "name": "plain-server",
  "version": "1.0.0",
  "lockfileVersion": 1,
  "requires": true,
  "dependencies": {
    "q": {
      "version": "1.0.1",
      "resolved": "https://registry.npmjs.org/q/-/q-1.0.1.tgz",
      "integrity": "sha1-EYcq7t7okmgRCxCnGESP+xARKhQ="
    },
    "readdir": {
      "version": "0.0.13",
      "resolved": "https://registry.npmjs.org/readdir/-/readdir-0.0.13.tgz",
      "integrity": "sha1-TdAC0/MNwRr+O7F3rY6ZCU9/Yt0=",
      "requires": {
        "q": "1.0.1"
      }
    }
  }
}
